
Microsoft Visual Studio Solution File, Format Version 12.00
# Visual Studio Version 17
VisualStudioVersion = 17.7.34031.279
MinimumVisualStudioVersion = 10.0.40219.1
Project("{8BC9CEB8-8B4A-11D0-8D11-00A0C91BC942}") = "MT2_14_00_1", "MT2_14_00_1.vcxproj", "{FAD83E98-472B-4391-B306-EF2065187A85}"
EndProject
Global
	GlobalSection(SolutionConfigurationPlatforms) = preSolution
		Debug|x64 = Debug|x64
		Release|x64 = Release|x64
	EndGlobalSection
	GlobalSection(ProjectConfigurationPlatforms) = postSolution
		{FAD83E98-472B-4391-B306-EF2065187A85}.Debug|x64.ActiveCfg = Debug|x64
		{FAD83E98-472B-4391-B306-EF2065187A85}.Debug|x64.Build.0 = Debug|x64
		{FAD83E98-472B-4391-B306-EF2065187A85}.Release|x64.ActiveCfg = Release|x64
		{FAD83E98-472B-4391-B306-EF2065187A85}.Release|x64.Build.0 = Release|x64
	EndGlobalSection
	GlobalSection(SolutionProperties) = preSolution
		HideSolutionNode = FALSE
	EndGlobalSection
	GlobalSection(ExtensibilityGlobals) = postSolution
		SolutionGuid = {CC485A8D-8C20-4BB0-969C-421CADFFA0E3}
	EndGlobalSection
EndGlobal
